
Microsoft Visual Studio Solution File, Format Version 12.00
# Visual Studio Version 17
VisualStudioVersion = 17.3.32901.215
MinimumVisualStudioVersion = 10.0.40219.1
Project("{9A19103F-16F7-4668-BE54-9A1E7A4F7556}") = "ImanWeb", "ImanWeb\ImanWeb.csproj", "{1A1E58B0-6C9D-4C64-9388-37D035767275}"
EndProject
Project("{FAE04EC0-301F-11D3-BF4B-00C04F79EFBC}") = "ImanWebApp.DataAccess", "ImanWeb.DataAccess\ImanWebApp.DataAccess.csproj", "{171C10EB-84B7-468F-8209-C55DED24141B}"
EndProject
Project("{FAE04EC0-301F-11D3-BF4B-00C04F79EFBC}") = "ImanWebApp.Models", "ImanWebApp.Models\ImanWebApp.Models.csproj", "{C429B2EB-3AE0-4D9B-B995-8F39DB648610}"
EndProject
Project("{FAE04EC0-301F-11D3-BF4B-00C04F79EFBC}") = "ImanWebApp.Utility", "ImanWebApp.Utility\ImanWebApp.Utility.csproj", "{C807EAC7-75E7-45C9-88D0-69633775564B}"
EndProject
Global
	GlobalSection(SolutionConfigurationPlatforms) = preSolution
		Debug|Any CPU = Debug|Any CPU
		Release|Any CPU = Release|Any CPU
	EndGlobalSection
	GlobalSection(ProjectConfigurationPlatforms) = postSolution
		{1A1E58B0-6C9D-4C64-9388-37D035767275}.Debug|Any CPU.ActiveCfg = Debug|Any CPU
		{1A1E58B0-6C9D-4C64-9388-37D035767275}.Debug|Any CPU.Build.0 = Debug|Any CPU
		{1A1E58B0-6C9D-4C64-9388-37D035767275}.Release|Any CPU.ActiveCfg = Release|Any CPU
		{1A1E58B0-6C9D-4C64-9388-37D035767275}.Release|Any CPU.Build.0 = Release|Any CPU
		{171C10EB-84B7-468F-8209-C55DED24141B}.Debug|Any CPU.ActiveCfg = Debug|Any CPU
		{171C10EB-84B7-468F-8209-C55DED24141B}.Debug|Any CPU.Build.0 = Debug|Any CPU
		{171C10EB-84B7-468F-8209-C55DED24141B}.Release|Any CPU.ActiveCfg = Release|Any CPU
		{171C10EB-84B7-468F-8209-C55DED24141B}.Release|Any CPU.Build.0 = Release|Any CPU
		{C429B2EB-3AE0-4D9B-B995-8F39DB648610}.Debug|Any CPU.ActiveCfg = Debug|Any CPU
		{C429B2EB-3AE0-4D9B-B995-8F39DB648610}.Debug|Any CPU.Build.0 = Debug|Any CPU
		{C429B2EB-3AE0-4D9B-B995-8F39DB648610}.Release|Any CPU.ActiveCfg = Release|Any CPU
		{C429B2EB-3AE0-4D9B-B995-8F39DB648610}.Release|Any CPU.Build.0 = Release|Any CPU
		{C807EAC7-75E7-45C9-88D0-69633775564B}.Debug|Any CPU.ActiveCfg = Debug|Any CPU
		{C807EAC7-75E7-45C9-88D0-69633775564B}.Debug|Any CPU.Build.0 = Debug|Any CPU
		{C807EAC7-75E7-45C9-88D0-69633775564B}.Release|Any CPU.ActiveCfg = Release|Any CPU
		{C807EAC7-75E7-45C9-88D0-69633775564B}.Release|Any CPU.Build.0 = Release|Any CPU
	EndGlobalSection
	GlobalSection(SolutionProperties) = preSolution
		HideSolutionNode = FALSE
	EndGlobalSection
	GlobalSection(ExtensibilityGlobals) = postSolution
		SolutionGuid = {2B8017EB-6723-432D-A3FF-AA783E5F22EC}
	EndGlobalSection
EndGlobal
